
Microsoft Visual Studio Solution File, Format Version 12.00
# Visual Studio Version 17
VisualStudioVersion = 17.8.34316.72
MinimumVisualStudioVersion = 10.0.40219.1
Project("{9A19103F-16F7-4668-BE54-9A1E7A4F7556}") = "programmingTool", "programmingTool.csproj", "{A2CD73C8-32BE-4561-A1EE-2B828713ED54}"
EndProject
Global
	GlobalSection(SolutionConfigurationPlatforms) = preSolution
		Debug|Any CPU = Debug|Any CPU
		Release|Any CPU = Release|Any CPU
	EndGlobalSection
	GlobalSection(ProjectConfigurationPlatforms) = postSolution
		{A2CD73C8-32BE-4561-A1EE-2B828713ED54}.Debug|Any CPU.ActiveCfg = Debug|Any CPU
		{A2CD73C8-32BE-4561-A1EE-2B828713ED54}.Debug|Any CPU.Build.0 = Debug|Any CPU
		{A2CD73C8-32BE-4561-A1EE-2B828713ED54}.Release|Any CPU.ActiveCfg = Release|Any CPU
		{A2CD73C8-32BE-4561-A1EE-2B828713ED54}.Release|Any CPU.Build.0 = Release|Any CPU
	EndGlobalSection
	GlobalSection(SolutionProperties) = preSolution
		HideSolutionNode = FALSE
	EndGlobalSection
	GlobalSection(ExtensibilityGlobals) = postSolution
		SolutionGuid = {38A6896E-210A-4705-9037-9BDA554ADD84}
	EndGlobalSection
EndGlobal
